
Microsoft Visual Studio Solution File, Format Version 12.00
# Visual Studio Version 17
VisualStudioVersion = 17.14.36008.106
MinimumVisualStudioVersion = 10.0.40219.1
Project("{FAE04EC0-301F-11D3-BF4B-00C04F79EFBC}") = "MageCLI", "MageCLI.csproj", "{79CE7193-E6BA-A620-DAE9-9492D7F27B9D}"
EndProject
Project("{FAE04EC0-301F-11D3-BF4B-00C04F79EFBC}") = "Launcher", "..\launcher\Launcher.csproj", "{7F2B1DFD-0F49-BCEE-1EF5-CEBEAFB3986C}"
EndProject
Project("{FAE04EC0-301F-11D3-BF4B-00C04F79EFBC}") = "Tools", "..\..\..\eng\common\internal\Tools.csproj", "{E53335EB-7CC0-642A-ED7D-4C1DE318E37D}"
EndProject
Project("{FAE04EC0-301F-11D3-BF4B-00C04F79EFBC}") = "Microsoft.Deployment.DotNet.Releases", "..\..\Microsoft.Deployment.DotNet.Releases\src\Microsoft.Deployment.DotNet.Releases.csproj", "{F64F9192-A1EA-D3ED-5F7B-3445EC43131A}"
EndProject
Project("{FAE04EC0-301F-11D3-BF4B-00C04F79EFBC}") = "Microsoft.Deployment.DotNet.Releases.Tests", "..\..\Microsoft.Deployment.DotNet.Releases\tests\Microsoft.Deployment.DotNet.Releases.Tests.csproj", "{69C97381-302C-0EC0-3776-0FD44B57BB88}"
EndProject
Global
	GlobalSection(SolutionConfigurationPlatforms) = preSolution
		Debug|Any CPU = Debug|Any CPU
		Release|Any CPU = Release|Any CPU
	EndGlobalSection
	GlobalSection(ProjectConfigurationPlatforms) = postSolution
		{79CE7193-E6BA-A620-DAE9-9492D7F27B9D}.Debug|Any CPU.ActiveCfg = Debug|Any CPU
		{79CE7193-E6BA-A620-DAE9-9492D7F27B9D}.Debug|Any CPU.Build.0 = Debug|Any CPU
		{79CE7193-E6BA-A620-DAE9-9492D7F27B9D}.Release|Any CPU.ActiveCfg = Release|Any CPU
		{79CE7193-E6BA-A620-DAE9-9492D7F27B9D}.Release|Any CPU.Build.0 = Release|Any CPU
		{7F2B1DFD-0F49-BCEE-1EF5-CEBEAFB3986C}.Debug|Any CPU.ActiveCfg = Debug|Any CPU
		{7F2B1DFD-0F49-BCEE-1EF5-CEBEAFB3986C}.Debug|Any CPU.Build.0 = Debug|Any CPU
		{7F2B1DFD-0F49-BCEE-1EF5-CEBEAFB3986C}.Release|Any CPU.ActiveCfg = Release|Any CPU
		{7F2B1DFD-0F49-BCEE-1EF5-CEBEAFB3986C}.Release|Any CPU.Build.0 = Release|Any CPU
		{E53335EB-7CC0-642A-ED7D-4C1DE318E37D}.Debug|Any CPU.ActiveCfg = Debug|Any CPU
		{E53335EB-7CC0-642A-ED7D-4C1DE318E37D}.Debug|Any CPU.Build.0 = Debug|Any CPU
		{E53335EB-7CC0-642A-ED7D-4C1DE318E37D}.Release|Any CPU.ActiveCfg = Release|Any CPU
		{E53335EB-7CC0-642A-ED7D-4C1DE318E37D}.Release|Any CPU.Build.0 = Release|Any CPU
		{F64F9192-A1EA-D3ED-5F7B-3445EC43131A}.Debug|Any CPU.ActiveCfg = Debug|Any CPU
		{F64F9192-A1EA-D3ED-5F7B-3445EC43131A}.Debug|Any CPU.Build.0 = Debug|Any CPU
		{F64F9192-A1EA-D3ED-5F7B-3445EC43131A}.Release|Any CPU.ActiveCfg = Release|Any CPU
		{F64F9192-A1EA-D3ED-5F7B-3445EC43131A}.Release|Any CPU.Build.0 = Release|Any CPU
		{69C97381-302C-0EC0-3776-0FD44B57BB88}.Debug|Any CPU.ActiveCfg = Debug|Any CPU
		{69C97381-302C-0EC0-3776-0FD44B57BB88}.Debug|Any CPU.Build.0 = Debug|Any CPU
		{69C97381-302C-0EC0-3776-0FD44B57BB88}.Release|Any CPU.ActiveCfg = Release|Any CPU
		{69C97381-302C-0EC0-3776-0FD44B57BB88}.Release|Any CPU.Build.0 = Release|Any CPU
	EndGlobalSection
	GlobalSection(SolutionProperties) = preSolution
		HideSolutionNode = FALSE
	EndGlobalSection
	GlobalSection(ExtensibilityGlobals) = postSolution
		SolutionGuid = {FC2AAE6D-92B7-49E7-9F24-ABA5EE7CF7EC}
	EndGlobalSection
EndGlobal
